PODS:
  - DateUtilities (1.0.2)
  - Nimble (7.3.1)

DEPENDENCIES:
  - DateUtilities (from `.`)
  - Nimble (~> 7.0)

SPEC REPOS:
  https://github.com/cocoapods/specs.git:
    - Nimble

EXTERNAL SOURCES:
  DateUtilities:
    :path: "."

SPEC CHECKSUMS:
  DateUtilities: 571ff2a9ac284b6b9a0f73e6c340fca86b050144
  Nimble: 04f732da099ea4d153122aec8c2a88fd0c7219ae

PODFILE CHECKSUM: 9e826f68c21f77bcc5cdab055755cbbd497d4d52

COCOAPODS: 1.5.3
