PODS:
  - DateUtilities (1.0.1)
  - Nimble (7.0.2)

DEPENDENCIES:
  - DateUtilities (from `.`)
  - Nimble (~> 7.0)

EXTERNAL SOURCES:
  DateUtilities:
    :path: .

SPEC CHECKSUMS:
  DateUtilities: bd45aea125ce81dadb6b13b4ea07df2df75d55f7
  Nimble: bfe1f814edabba69ff145cb1283e04ed636a67f2

PODFILE CHECKSUM: 9e826f68c21f77bcc5cdab055755cbbd497d4d52

COCOAPODS: 1.4.0
